
Microsoft Visual Studio Solution File, Format Version 12.00
# Visual Studio 15
VisualStudioVersion = 15.0.27323.2
MinimumVisualStudioVersion = 10.0.40219.1
Project("{9A19103F-16F7-4668-BE54-9A1E7A4F7556}") = "netcore-ef-util", "netcore-ef-util.csproj", "{CEBB5C52-6803-4F95-82D5-09300BA2DB7F}"
EndProject
Global
	GlobalSection(SolutionConfigurationPlatforms) = preSolution
		Debug|Any CPU = Debug|Any CPU
		Release|Any CPU = Release|Any CPU
	EndGlobalSection
	GlobalSection(ProjectConfigurationPlatforms) = postSolution
		{CEBB5C52-6803-4F95-82D5-09300BA2DB7F}.Debug|Any CPU.ActiveCfg = Debug|Any CPU
		{CEBB5C52-6803-4F95-82D5-09300BA2DB7F}.Debug|Any CPU.Build.0 = Debug|Any CPU
		{CEBB5C52-6803-4F95-82D5-09300BA2DB7F}.Release|Any CPU.ActiveCfg = Release|Any CPU
		{CEBB5C52-6803-4F95-82D5-09300BA2DB7F}.Release|Any CPU.Build.0 = Release|Any CPU
	EndGlobalSection
	GlobalSection(SolutionProperties) = preSolution
		HideSolutionNode = FALSE
	EndGlobalSection
	GlobalSection(ExtensibilityGlobals) = postSolution
		SolutionGuid = {CAD2F561-AA41-4965-AD3D-25D420A0654E}
	EndGlobalSection
EndGlobal
